
Microsoft Visual Studio Solution File, Format Version 12.00
# Visual Studio Version 17
VisualStudioVersion = 17.6.33829.357
MinimumVisualStudioVersion = 10.0.40219.1
Project("{888888A0-9F3D-457C-B088-3A5042F75D52}") = "new app", "new app\new app.pyproj", "{749AAA2C-09ED-46D9-80A6-8D8FFE6EEA19}"
EndProject
Global
	GlobalSection(SolutionConfigurationPlatforms) = preSolution
		Debug|Any CPU = Debug|Any CPU
		Release|Any CPU = Release|Any CPU
	EndGlobalSection
	GlobalSection(ProjectConfigurationPlatforms) = postSolution
		{749AAA2C-09ED-46D9-80A6-8D8FFE6EEA19}.Debug|Any CPU.ActiveCfg = Debug|Any CPU
		{749AAA2C-09ED-46D9-80A6-8D8FFE6EEA19}.Release|Any CPU.ActiveCfg = Release|Any CPU
	EndGlobalSection
	GlobalSection(SolutionProperties) = preSolution
		HideSolutionNode = FALSE
	EndGlobalSection
	GlobalSection(ExtensibilityGlobals) = postSolution
		SolutionGuid = {4CA843D6-7D3C-43E9-97C8-979C1885A95B}
	EndGlobalSection
EndGlobal
