
Microsoft Visual Studio Solution File, Format Version 12.00
# Visual Studio Version 17
VisualStudioVersion = 17.6.33829.357
MinimumVisualStudioVersion = 10.0.40219.1
Project("{888888A0-9F3D-457C-B088-3A5042F75D52}") = "new app 2", "new app 2\new app 2.pyproj", "{3FAE48CD-A4EE-41F7-B68C-27988CAF210A}"
EndProject
Global
	GlobalSection(SolutionConfigurationPlatforms) = preSolution
		Debug|Any CPU = Debug|Any CPU
		Release|Any CPU = Release|Any CPU
	EndGlobalSection
	GlobalSection(ProjectConfigurationPlatforms) = postSolution
		{3FAE48CD-A4EE-41F7-B68C-27988CAF210A}.Debug|Any CPU.ActiveCfg = Debug|Any CPU
		{3FAE48CD-A4EE-41F7-B68C-27988CAF210A}.Release|Any CPU.ActiveCfg = Release|Any CPU
	EndGlobalSection
	GlobalSection(SolutionProperties) = preSolution
		HideSolutionNode = FALSE
	EndGlobalSection
	GlobalSection(ExtensibilityGlobals) = postSolution
		SolutionGuid = {B3A0E86F-89CE-4268-911F-0A17238E5F0F}
	EndGlobalSection
EndGlobal
